// !$*UTF8*$!
{
	archiveVersion = 1;
	classes = {
	};
	objectVersion = 46;
	objects = {

/* Begin PBXBuildFile section */
		27F624E615525B170010B0CC /* UIKit.framework in Frameworks */ = {isa = PBXBuildFile; fileRef = 27F624E515525B170010B0CC /* UIKit.framework */; };
		27F624E815525B170010B0CC /* Foundation.framework in Frameworks */ = {isa = PBXBuildFile; fileRef = 27F624E715525B170010B0CC /* Foundation.framework */; };
		27F624EA15525B170010B0CC /* CoreGraphics.framework in Frameworks */ = {isa = PBXBuildFile; fileRef = 27F624E915525B170010B0CC /* CoreGraphics.framework */; };
		27F624F015525B170010B0CC /* InfoPlist.strings in Resources */ = {isa = PBXBuildFile; fileRef = 27F624EE15525B170010B0CC /* InfoPlist.strings */; };
		27F624F215525B170010B0CC /* main.m in Sources */ = {isa = PBXBuildFile; fileRef = 27F624F115525B170010B0CC /* main.m */; };
		27F624F615525B170010B0CC /* MFAppDelegate.m in Sources */ = {isa = PBXBuildFile; fileRef = 27F624F515525B170010B0CC /* MFAppDelegate.m */; };
		27F624F915525B170010B0CC /* DemoViewController.m in Sources */ = {isa = PBXBuildFile; fileRef = 27F624F815525B170010B0CC /* DemoViewController.m */; };
		27F624FC15525B170010B0CC /* DemoViewController.xib in Resources */ = {isa = PBXBuildFile; fileRef = 27F624FA15525B170010B0CC /* DemoViewController.xib */; };
		27F6250915525B530010B0CC /* MFSlidingView.m in Sources */ = {isa = PBXBuildFile; fileRef = 27F6250715525B530010B0CC /* MFSlidingView.m */; };
/* End PBXBuildFile section */

/* Begin PBXFileReference section */
		27F624E115525B170010B0CC /* MFSlidingViewDemo.app */ = {isa = PBXFileReference; explicitFileType = wrapper.application; includeInIndex = 0; path = MFSlidingViewDemo.app; sourceTree = BUILT_PRODUCTS_DIR; };
		27F624E515525B170010B0CC /* UIKit.framework */ = {isa = PBXFileReference; lastKnownFileType = wrapper.framework; name = UIKit.framework; path = System/Library/Frameworks/UIKit.framework; sourceTree = SDKROOT; };
		27F624E715525B170010B0CC /* Foundation.framework */ = {isa = PBXFileReference; lastKnownFileType = wrapper.framework; name = Foundation.framework; path = System/Library/Frameworks/Foundation.framework; sourceTree = SDKROOT; };
		27F624E915525B170010B0CC /* CoreGraphics.framework */ = {isa = PBXFileReference; lastKnownFileType = wrapper.framework; name = CoreGraphics.framework; path = System/Library/Frameworks/CoreGraphics.framework; sourceTree = SDKROOT; };
		27F624ED15525B170010B0CC /* MFSlidingViewDemo-Info.plist */ = {isa = PBXFileReference; lastKnownFileType = text.plist.xml; path = "MFSlidingViewDemo-Info.plist"; sourceTree = "<group>"; };
		27F624EF15525B170010B0CC /* en */ = {isa = PBXFileReference; lastKnownFileType = text.plist.strings; name = en; path = en.lproj/InfoPlist.strings; sourceTree = "<group>"; };
		27F624F115525B170010B0CC /* main.m */ = {isa = PBXFileReference; lastKnownFileType = sourcecode.c.objc; path = main.m; sourceTree = "<group>"; };
		27F624F315525B170010B0CC /* MFSlidingViewDemo-Prefix.pch */ = {isa = PBXFileReference; lastKnownFileType = sourcecode.c.h; path = "MFSlidingViewDemo-Prefix.pch"; sourceTree = "<group>"; };
		27F624F415525B170010B0CC /* MFAppDelegate.h */ = {isa = PBXFileReference; lastKnownFileType = sourcecode.c.h; path = MFAppDelegate.h; sourceTree = "<group>"; };
		27F624F515525B170010B0CC /* MFAppDelegate.m */ = {isa = PBXFileReference; lastKnownFileType = sourcecode.c.objc; path = MFAppDelegate.m; sourceTree = "<group>"; };
		27F624F715525B170010B0CC /* DemoViewController.h */ = {isa = PBXFileReference; lastKnownFileType = sourcecode.c.h; path = DemoViewController.h; sourceTree = "<group>"; };
		27F624F815525B170010B0CC /* DemoViewController.m */ = {isa = PBXFileReference; lastKnownFileType = sourcecode.c.objc; path = DemoViewController.m; sourceTree = "<group>"; };
		27F624FB15525B170010B0CC /* en */ = {isa = PBXFileReference; lastKnownFileType = file.xib; name = en; path = en.lproj/DemoViewController.xib; sourceTree = "<group>"; };
		27F6250615525B530010B0CC /* MFSlidingView.h */ = {isa = PBXFileReference; fileEncoding = 4; lastKnownFileType = sourcecode.c.h; path = MFSlidingView.h; sourceTree = "<group>"; };
		27F6250715525B530010B0CC /* MFSlidingView.m */ = {isa = PBXFileReference; fileEncoding = 4; lastKnownFileType = sourcecode.c.objc; path = MFSlidingView.m; sourceTree = "<group>"; };
/* End PBXFileReference section */

/* Begin PBXFrameworksBuildPhase section */
		27F624DE15525B170010B0CC /* Frameworks */ = {
			isa = PBXFrameworksBuildPhase;
			buildActionMask = 2147483647;
			files = (
				27F624E615525B170010B0CC /* UIKit.framework in Frameworks */,
				27F624E815525B170010B0CC /* Foundation.framework in Frameworks */,
				27F624EA15525B170010B0CC /* CoreGraphics.framework in Frameworks */,
			);
			runOnlyForDeploymentPostprocessing = 0;
		};
/* End PBXFrameworksBuildPhase section */

/* Begin PBXGroup section */
		27F624D615525B170010B0CC = {
			isa = PBXGroup;
			children = (
				27F6250515525B530010B0CC /* MFSlidingView */,
				27F624EB15525B170010B0CC /* MFSlidingViewDemo */,
				27F624E415525B170010B0CC /* Frameworks */,
				27F624E215525B170010B0CC /* Products */,
			);
			sourceTree = "<group>";
		};
		27F624E215525B170010B0CC /* Products */ = {
			isa = PBXGroup;
			children = (
				27F624E115525B170010B0CC /* MFSlidingViewDemo.app */,
			);
			name = Products;
			sourceTree = "<group>";
		};
		27F624E415525B170010B0CC /* Frameworks */ = {
			isa = PBXGroup;
			children = (
				27F624E515525B170010B0CC /* UIKit.framework */,
				27F624E715525B170010B0CC /* Foundation.framework */,
				27F624E915525B170010B0CC /* CoreGraphics.framework */,
			);
			name = Frameworks;
			sourceTree = "<group>";
		};
		27F624EB15525B170010B0CC /* MFSlidingViewDemo */ = {
			isa = PBXGroup;
			children = (
				27F624F415525B170010B0CC /* MFAppDelegate.h */,
				27F624F515525B170010B0CC /* MFAppDelegate.m */,
				27F624F715525B170010B0CC /* DemoViewController.h */,
				27F624F815525B170010B0CC /* DemoViewController.m */,
				27F624FA15525B170010B0CC /* DemoViewController.xib */,
				27F624EC15525B170010B0CC /* Supporting Files */,
			);
			path = MFSlidingViewDemo;
			sourceTree = "<group>";
		};
		27F624EC15525B170010B0CC /* Supporting Files */ = {
			isa = PBXGroup;
			children = (
				27F624ED15525B170010B0CC /* MFSlidingViewDemo-Info.plist */,
				27F624EE15525B170010B0CC /* InfoPlist.strings */,
				27F624F115525B170010B0CC /* main.m */,
				27F624F315525B170010B0CC /* MFSlidingViewDemo-Prefix.pch */,
			);
			name = "Supporting Files";
			sourceTree = "<group>";
		};
		27F6250515525B530010B0CC /* MFSlidingView */ = {
			isa = PBXGroup;
			children = (
				27F6250615525B530010B0CC /* MFSlidingView.h */,
				27F6250715525B530010B0CC /* MFSlidingView.m */,
			);
			path = MFSlidingView;
			sourceTree = SOURCE_ROOT;
		};
/* End PBXGroup section */

/* Begin PBXNativeTarget section */
		27F624E015525B170010B0CC /* MFSlidingViewDemo */ = {
			isa = PBXNativeTarget;
			buildConfigurationList = 27F6250215525B170010B0CC /* Build configuration list for PBXNativeTarget "MFSlidingViewDemo" */;
			buildPhases = (
				27F624DD15525B170010B0CC /* Sources */,
				27F624DE15525B170010B0CC /* Frameworks */,
				27F624DF15525B170010B0CC /* Resources */,
			);
			buildRules = (
			);
			dependencies = (
			);
			name = MFSlidingViewDemo;
			productName = MFSlidingViewDemo;
			productReference = 27F624E115525B170010B0CC /* MFSlidingViewDemo.app */;
			productType = "com.apple.product-type.application";
		};
/* End PBXNativeTarget section */

/* Begin PBXProject section */
		27F624D815525B170010B0CC /* Project object */ = {
			isa = PBXProject;
			attributes = {
				CLASSPREFIX = MF;
				LastUpgradeCheck = 0430;
				ORGANIZATIONNAME = "University of Wisconsin - Madison";
			};
			buildConfigurationList = 27F624DB15525B170010B0CC /* Build configuration list for PBXProject "MFSlidingViewDemo" */;
			compatibilityVersion = "Xcode 3.2";
			developmentRegion = English;
			hasScannedForEncodings = 0;
			knownRegions = (
				en,
			);
			mainGroup = 27F624D615525B170010B0CC;
			productRefGroup = 27F624E215525B170010B0CC /* Products */;
			projectDirPath = "";
			projectRoot = "";
			targets = (
				27F624E015525B170010B0CC /* MFSlidingViewDemo */,
			);
		};
/* End PBXProject section */

/* Begin PBXResourcesBuildPhase section */
		27F624DF15525B170010B0CC /* Resources */ = {
			isa = PBXResourcesBuildPhase;
			buildActionMask = 2147483647;
			files = (
				27F624F015525B170010B0CC /* InfoPlist.strings in Resources */,
				27F624FC15525B170010B0CC /* DemoViewController.xib in Resources */,
			);
			runOnlyForDeploymentPostprocessing = 0;
		};
/* End PBXResourcesBuildPhase section */

/* Begin PBXSourcesBuildPhase section */
		27F624DD15525B170010B0CC /* Sources */ = {
			isa = PBXSourcesBuildPhase;
			buildActionMask = 2147483647;
			files = (
				27F624F215525B170010B0CC /* main.m in Sources */,
				27F624F615525B170010B0CC /* MFAppDelegate.m in Sources */,
				27F624F915525B170010B0CC /* DemoViewController.m in Sources */,
				27F6250915525B530010B0CC /* MFSlidingView.m in Sources */,
			);
			runOnlyForDeploymentPostprocessing = 0;
		};
/* End PBXSourcesBuildPhase section */

/* Begin PBXVariantGroup section */
		27F624EE15525B170010B0CC /* InfoPlist.strings */ = {
			isa = PBXVariantGroup;
			children = (
				27F624EF15525B170010B0CC /* en */,
			);
			name = InfoPlist.strings;
			sourceTree = "<group>";
		};
		27F624FA15525B170010B0CC /* DemoViewController.xib */ = {
			isa = PBXVariantGroup;
			children = (
				27F624FB15525B170010B0CC /* en */,
			);
			name = DemoViewController.xib;
			sourceTree = "<group>";
		};
/* End PBXVariantGroup section */

/* Begin XCBuildConfiguration section */
		27F6250015525B170010B0CC /* Debug */ = {
			isa = XCBuildConfiguration;
			buildSettings = {
				ALWAYS_SEARCH_USER_PATHS = NO;
				ARCHS = "$(ARCHS_STANDARD_32_BIT)";
				"CODE_SIGN_IDENTITY[sdk=iphoneos*]" = "iPhone Developer";
				COPY_PHASE_STRIP = NO;
				GCC_C_LANGUAGE_STANDARD = gnu99;
				GCC_DYNAMIC_NO_PIC = NO;
				GCC_OPTIMIZATION_LEVEL = 0;
				GCC_PREPROCESSOR_DEFINITIONS = (
					"DEBUG=1",
					"$(inherited)",
				);
				GCC_SYMBOLS_PRIVATE_EXTERN = NO;
				GCC_VERSION = com.apple.compilers.llvm.clang.1_0;
				GCC_WARN_ABOUT_RETURN_TYPE = YES;
				GCC_WARN_UNINITIALIZED_AUTOS = YES;
				GCC_WARN_UNUSED_VARIABLE = YES;
				IPHONEOS_DEPLOYMENT_TARGET = 5.1;
				SDKROOT = iphoneos;
				TARGETED_DEVICE_FAMILY = "1,2";
			};
			name = Debug;
		};
		27F6250115525B170010B0CC /* Release */ = {
			isa = XCBuildConfiguration;
			buildSettings = {
				ALWAYS_SEARCH_USER_PATHS = NO;
				ARCHS = "$(ARCHS_STANDARD_32_BIT)";
				"CODE_SIGN_IDENTITY[sdk=iphoneos*]" = "iPhone Developer";
				COPY_PHASE_STRIP = YES;
				GCC_C_LANGUAGE_STANDARD = gnu99;
				GCC_VERSION = com.apple.compilers.llvm.clang.1_0;
				GCC_WARN_ABOUT_RETURN_TYPE = YES;
				GCC_WARN_UNINITIALIZED_AUTOS = YES;
				GCC_WARN_UNUSED_VARIABLE = YES;
				IPHONEOS_DEPLOYMENT_TARGET = 5.1;
				OTHER_CFLAGS = "-DNS_BLOCK_ASSERTIONS=1";
				SDKROOT = iphoneos;
				TARGETED_DEVICE_FAMILY = "1,2";
				VALIDATE_PRODUCT = YES;
			};
			name = Release;
		};
		27F6250315525B170010B0CC /* Debug */ = {
			isa = XCBuildConfiguration;
			buildSettings = {
				GCC_PRECOMPILE_PREFIX_HEADER = YES;
				GCC_PREFIX_HEADER = "MFSlidingViewDemo/MFSlidingViewDemo-Prefix.pch";
				INFOPLIST_FILE = "MFSlidingViewDemo/MFSlidingViewDemo-Info.plist";
				PRODUCT_NAME = "$(TARGET_NAME)";
				WRAPPER_EXTENSION = app;
			};
			name = Debug;
		};
		27F6250415525B170010B0CC /* Release */ = {
			isa = XCBuildConfiguration;
			buildSettings = {
				GCC_PRECOMPILE_PREFIX_HEADER = YES;
				GCC_PREFIX_HEADER = "MFSlidingViewDemo/MFSlidingViewDemo-Prefix.pch";
				INFOPLIST_FILE = "MFSlidingViewDemo/MFSlidingViewDemo-Info.plist";
				PRODUCT_NAME = "$(TARGET_NAME)";
				WRAPPER_EXTENSION = app;
			};
			name = Release;
		};
/* End XCBuildConfiguration section */

/* Begin XCConfigurationList section */
		27F624DB15525B170010B0CC /* Build configuration list for PBXProject "MFSlidingViewDemo" */ = {
			isa = XCConfigurationList;
			buildConfigurations = (
				27F6250015525B170010B0CC /* Debug */,
				27F6250115525B170010B0CC /* Release */,
			);
			defaultConfigurationIsVisible = 0;
			defaultConfigurationName = Release;
		};
		27F6250215525B170010B0CC /* Build configuration list for PBXNativeTarget "MFSlidingViewDemo" */ = {
			isa = XCConfigurationList;
			buildConfigurations = (
				27F6250315525B170010B0CC /* Debug */,
				27F6250415525B170010B0CC /* Release */,
			);
			defaultConfigurationIsVisible = 0;
		};
/* End XCConfigurationList section */
	};
	rootObject = 27F624D815525B170010B0CC /* Project object */;
}
